
Microsoft Visual Studio Solution File, Format Version 12.00
# Visual Studio Version 17
VisualStudioVersion = 17.10.34928.147
MinimumVisualStudioVersion = 10.0.40219.1
Project("{FAE04EC0-301F-11D3-BF4B-00C04F79EFBC}") = "Assignments OOP", "Assignments OOP\Assignments OOP.csproj", "{0CDCC3EF-996D-4477-8C11-FDCA9D16A1A4}"
EndProject
Global
	GlobalSection(SolutionConfigurationPlatforms) = preSolution
		Debug|Any CPU = Debug|Any CPU
		Release|Any CPU = Release|Any CPU
	EndGlobalSection
	GlobalSection(ProjectConfigurationPlatforms) = postSolution
		{0CDCC3EF-996D-4477-8C11-FDCA9D16A1A4}.Debug|Any CPU.ActiveCfg = Debug|Any CPU
		{0CDCC3EF-996D-4477-8C11-FDCA9D16A1A4}.Debug|Any CPU.Build.0 = Debug|Any CPU
		{0CDCC3EF-996D-4477-8C11-FDCA9D16A1A4}.Release|Any CPU.ActiveCfg = Release|Any CPU
		{0CDCC3EF-996D-4477-8C11-FDCA9D16A1A4}.Release|Any CPU.Build.0 = Release|Any CPU
	EndGlobalSection
	GlobalSection(SolutionProperties) = preSolution
		HideSolutionNode = FALSE
	EndGlobalSection
	GlobalSection(ExtensibilityGlobals) = postSolution
		SolutionGuid = {5DEDA49A-DFCB-4175-B702-A1254E7C7DFF}
	EndGlobalSection
EndGlobal
